// !$*UTF8*$!
{
	archiveVersion = 1;
	classes = {
	};
	objectVersion = 50;
	objects = {

/* Begin PBXBuildFile section */
		BA965C7425447F8900C0AE8D /* main.swift in Sources */ = {isa = PBXBuildFile; fileRef = BA965C7325447F8900C0AE8D /* main.swift */; };
		BA965CDA254EA53D00C0AE8D /* SetTester.swift in Sources */ = {isa = PBXBuildFile; fileRef = BA965CBC254EA53D00C0AE8D /* SetTester.swift */; };
		BA965CDB254EA53D00C0AE8D /* Set.swift in Sources */ = {isa = PBXBuildFile; fileRef = BA965CBD254EA53D00C0AE8D /* Set.swift */; };
		BA965CDC254EA53D00C0AE8D /* LinkedListTester.swift in Sources */ = {isa = PBXBuildFile; fileRef = BA965CBF254EA53D00C0AE8D /* LinkedListTester.swift */; };
		BA965CDD254EA53D00C0AE8D /* LinkedList.swift in Sources */ = {isa = PBXBuildFile; fileRef = BA965CC0254EA53D00C0AE8D /* LinkedList.swift */; };
		BA965CDE254EA53D00C0AE8D /* BinarySearchTree.swift in Sources */ = {isa = PBXBuildFile; fileRef = BA965CC2254EA53D00C0AE8D /* BinarySearchTree.swift */; };
		BA965CDF254EA53D00C0AE8D /* BinarySearchTreeTester.swift in Sources */ = {isa = PBXBuildFile; fileRef = BA965CC3254EA53D00C0AE8D /* BinarySearchTreeTester.swift */; };
		BA965CE0254EA53D00C0AE8D /* Trie.swift in Sources */ = {isa = PBXBuildFile; fileRef = BA965CC5254EA53D00C0AE8D /* Trie.swift */; };
		BA965CE1254EA53D00C0AE8D /* UnionFind.swift in Sources */ = {isa = PBXBuildFile; fileRef = BA965CC7254EA53D00C0AE8D /* UnionFind.swift */; };
		BA965CE2254EA53D00C0AE8D /* ArrayTester.swift in Sources */ = {isa = PBXBuildFile; fileRef = BA965CC9254EA53D00C0AE8D /* ArrayTester.swift */; };
		BA965CE3254EA53D00C0AE8D /* ArrayList.swift in Sources */ = {isa = PBXBuildFile; fileRef = BA965CCA254EA53D00C0AE8D /* ArrayList.swift */; };
		BA965CE4254EA53D00C0AE8D /* QueueTester.swift in Sources */ = {isa = PBXBuildFile; fileRef = BA965CCC254EA53D00C0AE8D /* QueueTester.swift */; };
		BA965CE5254EA53D00C0AE8D /* Queue.swift in Sources */ = {isa = PBXBuildFile; fileRef = BA965CCD254EA53D00C0AE8D /* Queue.swift */; };
		BA965CE6254EA53D00C0AE8D /* Map.swift in Sources */ = {isa = PBXBuildFile; fileRef = BA965CCF254EA53D00C0AE8D /* Map.swift */; };
		BA965CE7254EA53D00C0AE8D /* MapTester.swift in Sources */ = {isa = PBXBuildFile; fileRef = BA965CD0254EA53D00C0AE8D /* MapTester.swift */; };
		BA965CE8254EA53D00C0AE8D /* PriorityQueue.swift in Sources */ = {isa = PBXBuildFile; fileRef = BA965CD2254EA53D00C0AE8D /* PriorityQueue.swift */; };
		BA965CE9254EA53D00C0AE8D /* Heap.swift in Sources */ = {isa = PBXBuildFile; fileRef = BA965CD3254EA53D00C0AE8D /* Heap.swift */; };
		BA965CEA254EA53D00C0AE8D /* Stack.swift in Sources */ = {isa = PBXBuildFile; fileRef = BA965CD5254EA53D00C0AE8D /* Stack.swift */; };
		BA965CEB254EA53D00C0AE8D /* StackTester.swift in Sources */ = {isa = PBXBuildFile; fileRef = BA965CD6254EA53D00C0AE8D /* StackTester.swift */; };
		BA965CEC254EA53D00C0AE8D /* SegmentTreeTester.swift in Sources */ = {isa = PBXBuildFile; fileRef = BA965CD8254EA53D00C0AE8D /* SegmentTreeTester.swift */; };
		BA965CED254EA53D00C0AE8D /* SegmentTree.swift in Sources */ = {isa = PBXBuildFile; fileRef = BA965CD9254EA53D00C0AE8D /* SegmentTree.swift */; };
/* End PBXBuildFile section */

/* Begin PBXCopyFilesBuildPhase section */
		BA965C6E25447F8900C0AE8D /* CopyFiles */ = {
			isa = PBXCopyFilesBuildPhase;
			buildActionMask = 2147483647;
			dstPath = /usr/share/man/man1/;
			dstSubfolderSpec = 0;
			files = (
			);
			runOnlyForDeploymentPostprocessing = 1;
		};
/* End PBXCopyFilesBuildPhase section */

/* Begin PBXFileReference section */
		BA965C7025447F8900C0AE8D /* LearnDataStructures */ = {isa = PBXFileReference; explicitFileType = "compiled.mach-o.executable"; includeInIndex = 0; path = LearnDataStructures; sourceTree = BUILT_PRODUCTS_DIR; };
		BA965C7325447F8900C0AE8D /* main.swift */ = {isa = PBXFileReference; lastKnownFileType = sourcecode.swift; path = main.swift; sourceTree = "<group>"; };
		BA965CBC254EA53D00C0AE8D /* SetTester.swift */ = {isa = PBXFileReference; fileEncoding = 4; lastKnownFileType = sourcecode.swift; path = SetTester.swift; sourceTree = "<group>"; };
		BA965CBD254EA53D00C0AE8D /* Set.swift */ = {isa = PBXFileReference; fileEncoding = 4; lastKnownFileType = sourcecode.swift; path = Set.swift; sourceTree = "<group>"; };
		BA965CBF254EA53D00C0AE8D /* LinkedListTester.swift */ = {isa = PBXFileReference; fileEncoding = 4; lastKnownFileType = sourcecode.swift; path = LinkedListTester.swift; sourceTree = "<group>"; };
		BA965CC0254EA53D00C0AE8D /* LinkedList.swift */ = {isa = PBXFileReference; fileEncoding = 4; lastKnownFileType = sourcecode.swift; path = LinkedList.swift; sourceTree = "<group>"; };
		BA965CC2254EA53D00C0AE8D /* BinarySearchTree.swift */ = {isa = PBXFileReference; fileEncoding = 4; lastKnownFileType = sourcecode.swift; path = BinarySearchTree.swift; sourceTree = "<group>"; };
		BA965CC3254EA53D00C0AE8D /* BinarySearchTreeTester.swift */ = {isa = PBXFileReference; fileEncoding = 4; lastKnownFileType = sourcecode.swift; path = BinarySearchTreeTester.swift; sourceTree = "<group>"; };
		BA965CC5254EA53D00C0AE8D /* Trie.swift */ = {isa = PBXFileReference; fileEncoding = 4; lastKnownFileType = sourcecode.swift; path = Trie.swift; sourceTree = "<group>"; };
		BA965CC7254EA53D00C0AE8D /* UnionFind.swift */ = {isa = PBXFileReference; fileEncoding = 4; lastKnownFileType = sourcecode.swift; path = UnionFind.swift; sourceTree = "<group>"; };
		BA965CC9254EA53D00C0AE8D /* ArrayTester.swift */ = {isa = PBXFileReference; fileEncoding = 4; lastKnownFileType = sourcecode.swift; path = ArrayTester.swift; sourceTree = "<group>"; };
		BA965CCA254EA53D00C0AE8D /* ArrayList.swift */ = {isa = PBXFileReference; fileEncoding = 4; lastKnownFileType = sourcecode.swift; path = ArrayList.swift; sourceTree = "<group>"; };
		BA965CCC254EA53D00C0AE8D /* QueueTester.swift */ = {isa = PBXFileReference; fileEncoding = 4; lastKnownFileType = sourcecode.swift; path = QueueTester.swift; sourceTree = "<group>"; };
		BA965CCD254EA53D00C0AE8D /* Queue.swift */ = {isa = PBXFileReference; fileEncoding = 4; lastKnownFileType = sourcecode.swift; path = Queue.swift; sourceTree = "<group>"; };
		BA965CCF254EA53D00C0AE8D /* Map.swift */ = {isa = PBXFileReference; fileEncoding = 4; lastKnownFileType = sourcecode.swift; path = Map.swift; sourceTree = "<group>"; };
		BA965CD0254EA53D00C0AE8D /* MapTester.swift */ = {isa = PBXFileReference; fileEncoding = 4; lastKnownFileType = sourcecode.swift; path = MapTester.swift; sourceTree = "<group>"; };
		BA965CD2254EA53D00C0AE8D /* PriorityQueue.swift */ = {isa = PBXFileReference; fileEncoding = 4; lastKnownFileType = sourcecode.swift; path = PriorityQueue.swift; sourceTree = "<group>"; };
		BA965CD3254EA53D00C0AE8D /* Heap.swift */ = {isa = PBXFileReference; fileEncoding = 4; lastKnownFileType = sourcecode.swift; path = Heap.swift; sourceTree = "<group>"; };
		BA965CD5254EA53D00C0AE8D /* Stack.swift */ = {isa = PBXFileReference; fileEncoding = 4; lastKnownFileType = sourcecode.swift; path = Stack.swift; sourceTree = "<group>"; };
		BA965CD6254EA53D00C0AE8D /* StackTester.swift */ = {isa = PBXFileReference; fileEncoding = 4; lastKnownFileType = sourcecode.swift; path = StackTester.swift; sourceTree = "<group>"; };
		BA965CD8254EA53D00C0AE8D /* SegmentTreeTester.swift */ = {isa = PBXFileReference; fileEncoding = 4; lastKnownFileType = sourcecode.swift; path = SegmentTreeTester.swift; sourceTree = "<group>"; };
		BA965CD9254EA53D00C0AE8D /* SegmentTree.swift */ = {isa = PBXFileReference; fileEncoding = 4; lastKnownFileType = sourcecode.swift; path = SegmentTree.swift; sourceTree = "<group>"; };
/* End PBXFileReference section */

/* Begin PBXFrameworksBuildPhase section */
		BA965C6D25447F8900C0AE8D /* Frameworks */ = {
			isa = PBXFrameworksBuildPhase;
			buildActionMask = 2147483647;
			files = (
			);
			runOnlyForDeploymentPostprocessing = 0;
		};
/* End PBXFrameworksBuildPhase section */

/* Begin PBXGroup section */
		BA965C6725447F8900C0AE8D = {
			isa = PBXGroup;
			children = (
				BA965C7225447F8900C0AE8D /* LearnDataStructures */,
				BA965C7125447F8900C0AE8D /* Products */,
			);
			sourceTree = "<group>";
		};
		BA965C7125447F8900C0AE8D /* Products */ = {
			isa = PBXGroup;
			children = (
				BA965C7025447F8900C0AE8D /* LearnDataStructures */,
			);
			name = Products;
			sourceTree = "<group>";
		};
		BA965C7225447F8900C0AE8D /* LearnDataStructures */ = {
			isa = PBXGroup;
			children = (
				BA965C7325447F8900C0AE8D /* main.swift */,
				BA965CC8254EA53D00C0AE8D /* Array */,
				BA965CD4254EA53D00C0AE8D /* Stack */,
				BA965CCB254EA53D00C0AE8D /* Queue */,
				BA965CBE254EA53D00C0AE8D /* LinkedList */,
				BA965CC1254EA53D00C0AE8D /* BinarySearchTree */,
				BA965CBB254EA53D00C0AE8D /* Set */,
				BA965CCE254EA53D00C0AE8D /* Map */,
				BA965CD1254EA53D00C0AE8D /* Heap */,
				BA965CD7254EA53D00C0AE8D /* SegmentTree */,
				BA965CC4254EA53D00C0AE8D /* Trie */,
				BA965CC6254EA53D00C0AE8D /* UnionFind */,
			);
			path = LearnDataStructures;
			sourceTree = "<group>";
		};
		BA965CBB254EA53D00C0AE8D /* Set */ = {
			isa = PBXGroup;
			children = (
				BA965CBC254EA53D00C0AE8D /* SetTester.swift */,
				BA965CBD254EA53D00C0AE8D /* Set.swift */,
			);
			path = Set;
			sourceTree = "<group>";
		};
		BA965CBE254EA53D00C0AE8D /* LinkedList */ = {
			isa = PBXGroup;
			children = (
				BA965CBF254EA53D00C0AE8D /* LinkedListTester.swift */,
				BA965CC0254EA53D00C0AE8D /* LinkedList.swift */,
			);
			path = LinkedList;
			sourceTree = "<group>";
		};
		BA965CC1254EA53D00C0AE8D /* BinarySearchTree */ = {
			isa = PBXGroup;
			children = (
				BA965CC2254EA53D00C0AE8D /* BinarySearchTree.swift */,
				BA965CC3254EA53D00C0AE8D /* BinarySearchTreeTester.swift */,
			);
			path = BinarySearchTree;
			sourceTree = "<group>";
		};
		BA965CC4254EA53D00C0AE8D /* Trie */ = {
			isa = PBXGroup;
			children = (
				BA965CC5254EA53D00C0AE8D /* Trie.swift */,
			);
			path = Trie;
			sourceTree = "<group>";
		};
		BA965CC6254EA53D00C0AE8D /* UnionFind */ = {
			isa = PBXGroup;
			children = (
				BA965CC7254EA53D00C0AE8D /* UnionFind.swift */,
			);
			path = UnionFind;
			sourceTree = "<group>";
		};
		BA965CC8254EA53D00C0AE8D /* Array */ = {
			isa = PBXGroup;
			children = (
				BA965CC9254EA53D00C0AE8D /* ArrayTester.swift */,
				BA965CCA254EA53D00C0AE8D /* ArrayList.swift */,
			);
			path = Array;
			sourceTree = "<group>";
		};
		BA965CCB254EA53D00C0AE8D /* Queue */ = {
			isa = PBXGroup;
			children = (
				BA965CCC254EA53D00C0AE8D /* QueueTester.swift */,
				BA965CCD254EA53D00C0AE8D /* Queue.swift */,
			);
			path = Queue;
			sourceTree = "<group>";
		};
		BA965CCE254EA53D00C0AE8D /* Map */ = {
			isa = PBXGroup;
			children = (
				BA965CCF254EA53D00C0AE8D /* Map.swift */,
				BA965CD0254EA53D00C0AE8D /* MapTester.swift */,
			);
			path = Map;
			sourceTree = "<group>";
		};
		BA965CD1254EA53D00C0AE8D /* Heap */ = {
			isa = PBXGroup;
			children = (
				BA965CD2254EA53D00C0AE8D /* PriorityQueue.swift */,
				BA965CD3254EA53D00C0AE8D /* Heap.swift */,
			);
			path = Heap;
			sourceTree = "<group>";
		};
		BA965CD4254EA53D00C0AE8D /* Stack */ = {
			isa = PBXGroup;
			children = (
				BA965CD5254EA53D00C0AE8D /* Stack.swift */,
				BA965CD6254EA53D00C0AE8D /* StackTester.swift */,
			);
			path = Stack;
			sourceTree = "<group>";
		};
		BA965CD7254EA53D00C0AE8D /* SegmentTree */ = {
			isa = PBXGroup;
			children = (
				BA965CD8254EA53D00C0AE8D /* SegmentTreeTester.swift */,
				BA965CD9254EA53D00C0AE8D /* SegmentTree.swift */,
			);
			path = SegmentTree;
			sourceTree = "<group>";
		};
/* End PBXGroup section */

/* Begin PBXNativeTarget section */
		BA965C6F25447F8900C0AE8D /* LearnDataStructures */ = {
			isa = PBXNativeTarget;
			buildConfigurationList = BA965C7725447F8900C0AE8D /* Build configuration list for PBXNativeTarget "LearnDataStructures" */;
			buildPhases = (
				BA965C6C25447F8900C0AE8D /* Sources */,
				BA965C6D25447F8900C0AE8D /* Frameworks */,
				BA965C6E25447F8900C0AE8D /* CopyFiles */,
			);
			buildRules = (
			);
			dependencies = (
			);
			name = LearnDataStructures;
			productName = LearnDataStructures;
			productReference = BA965C7025447F8900C0AE8D /* LearnDataStructures */;
			productType = "com.apple.product-type.tool";
		};
/* End PBXNativeTarget section */

/* Begin PBXProject section */
		BA965C6825447F8900C0AE8D /* Project object */ = {
			isa = PBXProject;
			attributes = {
				LastSwiftUpdateCheck = 1210;
				LastUpgradeCheck = 1210;
				TargetAttributes = {
					BA965C6F25447F8900C0AE8D = {
						CreatedOnToolsVersion = 12.1;
					};
				};
			};
			buildConfigurationList = BA965C6B25447F8900C0AE8D /* Build configuration list for PBXProject "LearnDataStructures" */;
			compatibilityVersion = "Xcode 9.3";
			developmentRegion = en;
			hasScannedForEncodings = 0;
			knownRegions = (
				en,
				Base,
			);
			mainGroup = BA965C6725447F8900C0AE8D;
			productRefGroup = BA965C7125447F8900C0AE8D /* Products */;
			projectDirPath = "";
			projectRoot = "";
			targets = (
				BA965C6F25447F8900C0AE8D /* LearnDataStructures */,
			);
		};
/* End PBXProject section */

/* Begin PBXSourcesBuildPhase section */
		BA965C6C25447F8900C0AE8D /* Sources */ = {
			isa = PBXSourcesBuildPhase;
			buildActionMask = 2147483647;
			files = (
				BA965CE2254EA53D00C0AE8D /* ArrayTester.swift in Sources */,
				BA965CE3254EA53D00C0AE8D /* ArrayList.swift in Sources */,
				BA965C7425447F8900C0AE8D /* main.swift in Sources */,
				BA965CE0254EA53D00C0AE8D /* Trie.swift in Sources */,
				BA965CEC254EA53D00C0AE8D /* SegmentTreeTester.swift in Sources */,
				BA965CED254EA53D00C0AE8D /* SegmentTree.swift in Sources */,
				BA965CE5254EA53D00C0AE8D /* Queue.swift in Sources */,
				BA965CE8254EA53D00C0AE8D /* PriorityQueue.swift in Sources */,
				BA965CE4254EA53D00C0AE8D /* QueueTester.swift in Sources */,
				BA965CDA254EA53D00C0AE8D /* SetTester.swift in Sources */,
				BA965CDE254EA53D00C0AE8D /* BinarySearchTree.swift in Sources */,
				BA965CDD254EA53D00C0AE8D /* LinkedList.swift in Sources */,
				BA965CEA254EA53D00C0AE8D /* Stack.swift in Sources */,
				BA965CE7254EA53D00C0AE8D /* MapTester.swift in Sources */,
				BA965CDB254EA53D00C0AE8D /* Set.swift in Sources */,
				BA965CEB254EA53D00C0AE8D /* StackTester.swift in Sources */,
				BA965CE9254EA53D00C0AE8D /* Heap.swift in Sources */,
				BA965CE6254EA53D00C0AE8D /* Map.swift in Sources */,
				BA965CDF254EA53D00C0AE8D /* BinarySearchTreeTester.swift in Sources */,
				BA965CE1254EA53D00C0AE8D /* UnionFind.swift in Sources */,
				BA965CDC254EA53D00C0AE8D /* LinkedListTester.swift in Sources */,
			);
			runOnlyForDeploymentPostprocessing = 0;
		};
/* End PBXSourcesBuildPhase section */

/* Begin XCBuildConfiguration section */
		BA965C7525447F8900C0AE8D /* Debug */ = {
			isa = XCBuildConfiguration;
			buildSettings = {
				ALWAYS_SEARCH_USER_PATHS = NO;
				CLANG_ANALYZER_NONNULL = YES;
				CLANG_ANALYZER_NUMBER_OBJECT_CONVERSION = YES_AGGRESSIVE;
				CLANG_CXX_LANGUAGE_STANDARD = "gnu++14";
				CLANG_CXX_LIBRARY = "libc++";
				CLANG_ENABLE_MODULES = YES;
				CLANG_ENABLE_OBJC_ARC = YES;
				CLANG_ENABLE_OBJC_WEAK = YES;
				CLANG_WARN_BLOCK_CAPTURE_AUTORELEASING = YES;
				CLANG_WARN_BOOL_CONVERSION = YES;
				CLANG_WARN_COMMA = YES;
				CLANG_WARN_CONSTANT_CONVERSION = YES;
				CLANG_WARN_DEPRECATED_OBJC_IMPLEMENTATIONS = YES;
				CLANG_WARN_DIRECT_OBJC_ISA_USAGE = YES_ERROR;
				CLANG_WARN_DOCUMENTATION_COMMENTS = YES;
				CLANG_WARN_EMPTY_BODY = YES;
				CLANG_WARN_ENUM_CONVERSION = YES;
				CLANG_WARN_INFINITE_RECURSION = YES;
				CLANG_WARN_INT_CONVERSION = YES;
				CLANG_WARN_NON_LITERAL_NULL_CONVERSION = YES;
				CLANG_WARN_OBJC_IMPLICIT_RETAIN_SELF = YES;
				CLANG_WARN_OBJC_LITERAL_CONVERSION = YES;
				CLANG_WARN_OBJC_ROOT_CLASS = YES_ERROR;
				CLANG_WARN_QUOTED_INCLUDE_IN_FRAMEWORK_HEADER = YES;
				CLANG_WARN_RANGE_LOOP_ANALYSIS = YES;
				CLANG_WARN_STRICT_PROTOTYPES = YES;
				CLANG_WARN_SUSPICIOUS_MOVE = YES;
				CLANG_WARN_UNGUARDED_AVAILABILITY = YES_AGGRESSIVE;
				CLANG_WARN_UNREACHABLE_CODE = YES;
				CLANG_WARN__DUPLICATE_METHOD_MATCH = YES;
				COPY_PHASE_STRIP = NO;
				DEBUG_INFORMATION_FORMAT = dwarf;
				ENABLE_STRICT_OBJC_MSGSEND = YES;
				ENABLE_TESTABILITY = YES;
				GCC_C_LANGUAGE_STANDARD = gnu11;
				GCC_DYNAMIC_NO_PIC = NO;
				GCC_NO_COMMON_BLOCKS = YES;
				GCC_OPTIMIZATION_LEVEL = 0;
				GCC_PREPROCESSOR_DEFINITIONS = (
					"DEBUG=1",
					"$(inherited)",
				);
				GCC_WARN_64_TO_32_BIT_CONVERSION = YES;
				GCC_WARN_ABOUT_RETURN_TYPE = YES_ERROR;
				GCC_WARN_UNDECLARED_SELECTOR = YES;
				GCC_WARN_UNINITIALIZED_AUTOS = YES_AGGRESSIVE;
				GCC_WARN_UNUSED_FUNCTION = YES;
				GCC_WARN_UNUSED_VARIABLE = YES;
				MACOSX_DEPLOYMENT_TARGET = 10.15;
				MTL_ENABLE_DEBUG_INFO = INCLUDE_SOURCE;
				MTL_FAST_MATH = YES;
				ONLY_ACTIVE_ARCH = YES;
				SDKROOT = macosx;
				SWIFT_ACTIVE_COMPILATION_CONDITIONS = DEBUG;
				SWIFT_OPTIMIZATION_LEVEL = "-Onone";
			};
			name = Debug;
		};
		BA965C7625447F8900C0AE8D /* Release */ = {
			isa = XCBuildConfiguration;
			buildSettings = {
				ALWAYS_SEARCH_USER_PATHS = NO;
				CLANG_ANALYZER_NONNULL = YES;
				CLANG_ANALYZER_NUMBER_OBJECT_CONVERSION = YES_AGGRESSIVE;
				CLANG_CXX_LANGUAGE_STANDARD = "gnu++14";
				CLANG_CXX_LIBRARY = "libc++";
				CLANG_ENABLE_MODULES = YES;
				CLANG_ENABLE_OBJC_ARC = YES;
				CLANG_ENABLE_OBJC_WEAK = YES;
				CLANG_WARN_BLOCK_CAPTURE_AUTORELEASING = YES;
				CLANG_WARN_BOOL_CONVERSION = YES;
				CLANG_WARN_COMMA = YES;
				CLANG_WARN_CONSTANT_CONVERSION = YES;
				CLANG_WARN_DEPRECATED_OBJC_IMPLEMENTATIONS = YES;
				CLANG_WARN_DIRECT_OBJC_ISA_USAGE = YES_ERROR;
				CLANG_WARN_DOCUMENTATION_COMMENTS = YES;
				CLANG_WARN_EMPTY_BODY = YES;
				CLANG_WARN_ENUM_CONVERSION = YES;
				CLANG_WARN_INFINITE_RECURSION = YES;
				CLANG_WARN_INT_CONVERSION = YES;
				CLANG_WARN_NON_LITERAL_NULL_CONVERSION = YES;
				CLANG_WARN_OBJC_IMPLICIT_RETAIN_SELF = YES;
				CLANG_WARN_OBJC_LITERAL_CONVERSION = YES;
				CLANG_WARN_OBJC_ROOT_CLASS = YES_ERROR;
				CLANG_WARN_QUOTED_INCLUDE_IN_FRAMEWORK_HEADER = YES;
				CLANG_WARN_RANGE_LOOP_ANALYSIS = YES;
				CLANG_WARN_STRICT_PROTOTYPES = YES;
				CLANG_WARN_SUSPICIOUS_MOVE = YES;
				CLANG_WARN_UNGUARDED_AVAILABILITY = YES_AGGRESSIVE;
				CLANG_WARN_UNREACHABLE_CODE = YES;
				CLANG_WARN__DUPLICATE_METHOD_MATCH = YES;
				COPY_PHASE_STRIP = NO;
				DEBUG_INFORMATION_FORMAT = "dwarf-with-dsym";
				ENABLE_NS_ASSERTIONS = NO;
				ENABLE_STRICT_OBJC_MSGSEND = YES;
				GCC_C_LANGUAGE_STANDARD = gnu11;
				GCC_NO_COMMON_BLOCKS = YES;
				GCC_WARN_64_TO_32_BIT_CONVERSION = YES;
				GCC_WARN_ABOUT_RETURN_TYPE = YES_ERROR;
				GCC_WARN_UNDECLARED_SELECTOR = YES;
				GCC_WARN_UNINITIALIZED_AUTOS = YES_AGGRESSIVE;
				GCC_WARN_UNUSED_FUNCTION = YES;
				GCC_WARN_UNUSED_VARIABLE = YES;
				MACOSX_DEPLOYMENT_TARGET = 10.15;
				MTL_ENABLE_DEBUG_INFO = NO;
				MTL_FAST_MATH = YES;
				SDKROOT = macosx;
				SWIFT_COMPILATION_MODE = wholemodule;
				SWIFT_OPTIMIZATION_LEVEL = "-O";
			};
			name = Release;
		};
		BA965C7825447F8900C0AE8D /* Debug */ = {
			isa = XCBuildConfiguration;
			buildSettings = {
				CODE_SIGN_STYLE = Automatic;
				DEVELOPMENT_TEAM = J4N923FVST;
				ENABLE_HARDENED_RUNTIME = YES;
				PRODUCT_NAME = "$(TARGET_NAME)";
				SWIFT_VERSION = 5.0;
			};
			name = Debug;
		};
		BA965C7925447F8900C0AE8D /* Release */ = {
			isa = XCBuildConfiguration;
			buildSettings = {
				CODE_SIGN_STYLE = Automatic;
				DEVELOPMENT_TEAM = J4N923FVST;
				ENABLE_HARDENED_RUNTIME = YES;
				PRODUCT_NAME = "$(TARGET_NAME)";
				SWIFT_VERSION = 5.0;
			};
			name = Release;
		};
/* End XCBuildConfiguration section */

/* Begin XCConfigurationList section */
		BA965C6B25447F8900C0AE8D /* Build configuration list for PBXProject "LearnDataStructures" */ = {
			isa = XCConfigurationList;
			buildConfigurations = (
				BA965C7525447F8900C0AE8D /* Debug */,
				BA965C7625447F8900C0AE8D /* Release */,
			);
			defaultConfigurationIsVisible = 0;
			defaultConfigurationName = Release;
		};
		BA965C7725447F8900C0AE8D /* Build configuration list for PBXNativeTarget "LearnDataStructures" */ = {
			isa = XCConfigurationList;
			buildConfigurations = (
				BA965C7825447F8900C0AE8D /* Debug */,
				BA965C7925447F8900C0AE8D /* Release */,
			);
			defaultConfigurationIsVisible = 0;
			defaultConfigurationName = Release;
		};
/* End XCConfigurationList section */
	};
	rootObject = BA965C6825447F8900C0AE8D /* Project object */;
}
